
Microsoft Visual Studio Solution File, Format Version 12.00
Project("{FAE04EC0-301F-11D3-BF4B-00C04F79EFBC}") = "ConsoleApp5", "ConsoleApp5\ConsoleApp5.csproj", "{05A8B6FC-64F8-4665-84ED-B758212CAB74}"
EndProject
Global
	GlobalSection(SolutionConfigurationPlatforms) = preSolution
		Debug|Any CPU = Debug|Any CPU
		Release|Any CPU = Release|Any CPU
	EndGlobalSection
	GlobalSection(ProjectConfigurationPlatforms) = postSolution
		{05A8B6FC-64F8-4665-84ED-B758212CAB74}.Debug|Any CPU.ActiveCfg = Debug|Any CPU
		{05A8B6FC-64F8-4665-84ED-B758212CAB74}.Debug|Any CPU.Build.0 = Debug|Any CPU
		{05A8B6FC-64F8-4665-84ED-B758212CAB74}.Release|Any CPU.ActiveCfg = Release|Any CPU
		{05A8B6FC-64F8-4665-84ED-B758212CAB74}.Release|Any CPU.Build.0 = Release|Any CPU
	EndGlobalSection
EndGlobal
